<?xml version="1.0" encoding="utf-8"?>
<Project ToolsVersion="4.0" xmlns="http://schemas.microsoft.com/developer/msbuild/2003">
  <ItemGroup>
    <Filter Include="Source Files">
      <UniqueIdentifier>{4FC737F1-C7A5-4376-A066-2A32D752A2FF}</UniqueIdentifier>
      <Extensions>cpp;c;cc;cxx;c++;cppm;ixx;def;odl;idl;hpj;bat;asm;asmx</Extensions>
    </Filter>
    <Filter Include="Header Files">
      <UniqueIdentifier>{93995380-89BD-4b04-88EB-625FBE52EBFB}</UniqueIdentifier>
      <Extensions>h;hh;hpp;hxx;h++;hm;inl;inc;ipp;xsd</Extensions>
    </Filter>
    <Filter Include="Resource Files">
      <UniqueIdentifier>{67DA6AB6-F800-4c08-8B7A-83BB121AAD01}</UniqueIdentifier>
      <Extensions>rc;ico;cur;bmp;dlg;rc2;rct;bin;rgs;gif;jpg;jpeg;jpe;resx;tiff;tif;png;wav;mfcribbon-ms</Extensions>
    </Filter>
  </ItemGroup>
  <ItemGroup>
    <ClInclude Include="App.h">
      <Filter>Header Files</Filter>
    </ClInclude>
    <ClInclude Include="MainWindow.h">
      <Filter>Header Files</Filter>
    </ClInclude>
    <ClInclude Include="Artificer.h">
      <Filter>Header Files</Filter>
    </ClInclude>
    <ClInclude Include="Barbarian.h">
      <Filter>Header Files</Filter>
    </ClInclude>
    <ClInclude Include="Bard.h">
      <Filter>Header Files</Filter>
    </ClInclude>
    <ClInclude Include="Character.h">
      <Filter>Header Files</Filter>
    </ClInclude>
    <ClInclude Include="Cleric.h">
      <Filter>Header Files</Filter>
    </ClInclude>
    <ClInclude Include="Druid.h">
      <Filter>Header Files</Filter>
    </ClInclude>
    <ClInclude Include="enums.h">
      <Filter>Header Files</Filter>
    </ClInclude>
    <ClInclude Include="Fighter.h">
      <Filter>Header Files</Filter>
    </ClInclude>
    <ClInclude Include="Monk.h">
      <Filter>Header Files</Filter>
    </ClInclude>
    <ClInclude Include="Paladin.h">
      <Filter>Header Files</Filter>
    </ClInclude>
    <ClInclude Include="Ranger.h">
      <Filter>Header Files</Filter>
    </ClInclude>
    <ClInclude Include="Rogue.h">
      <Filter>Header Files</Filter>
    </ClInclude>
    <ClInclude Include="Structs.h">
      <Filter>Header Files</Filter>
    </ClInclude>
    <ClInclude Include="Sorcerer.h">
      <Filter>Header Files</Filter>
    </ClInclude>
    <ClInclude Include="TheDiceBag.h">
      <Filter>Header Files</Filter>
    </ClInclude>
    <ClInclude Include="Utils.h">
      <Filter>Header Files</Filter>
    </ClInclude>
    <ClInclude Include="Warlock.h">
      <Filter>Header Files</Filter>
    </ClInclude>
    <ClInclude Include="Wizard.h">
      <Filter>Header Files</Filter>
    </ClInclude>
    <ClInclude Include="Settings.h">
      <Filter>Header Files</Filter>
    </ClInclude>
    <ClInclude Include="NPC.h">
      <Filter>Header Files</Filter>
    </ClInclude>
  </ItemGroup>
  <ItemGroup>
    <ClCompile Include="App.cpp">
      <Filter>Source Files</Filter>
    </ClCompile>
    <ClCompile Include="MainWindow.cpp">
      <Filter>Source Files</Filter>
    </ClCompile>
    <ClCompile Include="Artificer.cpp">
      <Filter>Source Files</Filter>
    </ClCompile>
    <ClCompile Include="Barbarian.cpp">
      <Filter>Source Files</Filter>
    </ClCompile>
    <ClCompile Include="Bard.cpp">
      <Filter>Source Files</Filter>
    </ClCompile>
    <ClCompile Include="Character.cpp">
      <Filter>Source Files</Filter>
    </ClCompile>
    <ClCompile Include="Cleric.cpp">
      <Filter>Source Files</Filter>
    </ClCompile>
    <ClCompile Include="Druid.cpp">
      <Filter>Source Files</Filter>
    </ClCompile>
    <ClCompile Include="Fighter.cpp">
      <Filter>Source Files</Filter>
    </ClCompile>
    <ClCompile Include="Monk.cpp">
      <Filter>Source Files</Filter>
    </ClCompile>
    <ClCompile Include="Paladin.cpp">
      <Filter>Source Files</Filter>
    </ClCompile>
    <ClCompile Include="Ranger.cpp">
      <Filter>Source Files</Filter>
    </ClCompile>
    <ClCompile Include="Rogue.cpp">
      <Filter>Source Files</Filter>
    </ClCompile>
    <ClCompile Include="Sorcerer.cpp">
      <Filter>Source Files</Filter>
    </ClCompile>
    <ClCompile Include="TheDiceBag.cpp">
      <Filter>Source Files</Filter>
    </ClCompile>
    <ClCompile Include="Utils.cpp">
      <Filter>Source Files</Filter>
    </ClCompile>
    <ClCompile Include="Warlock.cpp">
      <Filter>Source Files</Filter>
    </ClCompile>
    <ClCompile Include="Wizard.cpp">
      <Filter>Source Files</Filter>
    </ClCompile>
  </ItemGroup>
</Project>